<?xml version="1.0" encoding="utf-8"?>
<Project ToolsVersion="4.0" xmlns="http://schemas.microsoft.com/developer/msbuild/2003">
  <ItemGroup>
    <ClCompile Include="..\src\Main.cpp" />
    <ClCompile Include="..\src\AudioDevice.cpp">
      <Filter>Audio</Filter>
    </ClCompile>
    <ClCompile Include="..\src\AudioSource.cpp">
      <Filter>Audio</Filter>
    </ClCompile>
    <ClCompile Include="..\src\Client.cpp">
      <Filter>Network</Filter>
    </ClCompile>
    <ClCompile Include="..\src\Server.cpp">
      <Filter>Network</Filter>
    </ClCompile>
    <ClCompile Include="..\src\FFMpeg.cpp" />
  </ItemGroup>
  <ItemGroup>
    <ClInclude Include="..\src\Debug.h" />
    <ClInclude Include="..\src\AudioDevice.h">
      <Filter>Audio</Filter>
    </ClInclude>
    <ClInclude Include="..\src\AudioSource.h">
      <Filter>Audio</Filter>
    </ClInclude>
    <ClInclude Include="..\src\Client.h">
      <Filter>Network</Filter>
    </ClInclude>
    <ClInclude Include="..\src\Server.h">
      <Filter>Network</Filter>
    </ClInclude>
    <ClInclude Include="..\src\Buffer.h">
      <Filter>Audio</Filter>
    </ClInclude>
    <ClInclude Include="..\src\XAudio2VoiceCallback.h">
      <Filter>Audio</Filter>
    </ClInclude>
    <ClInclude Include="..\src\FFMpeg.h" />
    <ClInclude Include="..\src\WavFormat.h">
      <Filter>Audio</Filter>
    </ClInclude>
  </ItemGroup>
  <ItemGroup>
    <Filter Include="Audio">
      <UniqueIdentifier>{c1590e23-40ff-4fb2-9feb-76aba5d3922e}</UniqueIdentifier>
    </Filter>
    <Filter Include="Network">
      <UniqueIdentifier>{a218f9f9-5642-48c7-8d2a-c8deb875656f}</UniqueIdentifier>
    </Filter>
  </ItemGroup>
  <ItemGroup>
    <None Include="ClassDiagram.cd" />
  </ItemGroup>
</Project>